
Microsoft Visual Studio Solution File, Format Version 12.00
# Visual Studio Version 16
VisualStudioVersion = 16.0.29509.3
MinimumVisualStudioVersion = 10.0.40219.1
Project("{FAE04EC0-301F-11D3-BF4B-00C04F79EFBC}") = "Lab4", "Lab4.csproj", "{65575C9E-C784-4827-9D34-57F1A86A5BC7}"
EndProject
Global
	GlobalSection(SolutionConfigurationPlatforms) = preSolution
		Debug|Any CPU = Debug|Any CPU
		Release|Any CPU = Release|Any CPU
	EndGlobalSection
	GlobalSection(ProjectConfigurationPlatforms) = postSolution
		{65575C9E-C784-4827-9D34-57F1A86A5BC7}.Debug|Any CPU.ActiveCfg = Debug|Any CPU
		{65575C9E-C784-4827-9D34-57F1A86A5BC7}.Debug|Any CPU.Build.0 = Debug|Any CPU
		{65575C9E-C784-4827-9D34-57F1A86A5BC7}.Release|Any CPU.ActiveCfg = Release|Any CPU
		{65575C9E-C784-4827-9D34-57F1A86A5BC7}.Release|Any CPU.Build.0 = Release|Any CPU
	EndGlobalSection
	GlobalSection(SolutionProperties) = preSolution
		HideSolutionNode = FALSE
	EndGlobalSection
	GlobalSection(ExtensibilityGlobals) = postSolution
		SolutionGuid = {3890BDE2-2D00-48A7-AD49-0039BFEE8DF3}
	EndGlobalSection
EndGlobal
